{
  "object": {
    "pins": [
      {
        "package": "SDWebImage",
        "repositoryURL": "https://github.com/AmilaWi/SDWebImage.git",
        "state": {
          "branch": null,
          "revision": "58e032835bb1b3e489602faea0ec56d0202fbb33",
          "version": "5.21.2-core2"
        }
      }
    ]
  },
  "version": 1
}
